
Microsoft Visual Studio Solution File, Format Version 12.00
# Visual Studio Version 17
VisualStudioVersion = 17.7.34031.279
MinimumVisualStudioVersion = 10.0.40219.1
Project("{9A19103F-16F7-4668-BE54-9A1E7A4F7556}") = "WS_Logistica", "ICP.PROYECTO_TIENDA\WS_Logistica.csproj", "{A8AB2719-72D2-4831-9633-8B2467985B02}"
EndProject
Global
	GlobalSection(SolutionConfigurationPlatforms) = preSolution
		Debug|Any CPU = Debug|Any CPU
		Release|Any CPU = Release|Any CPU
	EndGlobalSection
	GlobalSection(ProjectConfigurationPlatforms) = postSolution
		{A8AB2719-72D2-4831-9633-8B2467985B02}.Debug|Any CPU.ActiveCfg = Debug|Any CPU
		{A8AB2719-72D2-4831-9633-8B2467985B02}.Debug|Any CPU.Build.0 = Debug|Any CPU
		{A8AB2719-72D2-4831-9633-8B2467985B02}.Release|Any CPU.ActiveCfg = Release|Any CPU
		{A8AB2719-72D2-4831-9633-8B2467985B02}.Release|Any CPU.Build.0 = Release|Any CPU
	EndGlobalSection
	GlobalSection(SolutionProperties) = preSolution
		HideSolutionNode = FALSE
	EndGlobalSection
	GlobalSection(ExtensibilityGlobals) = postSolution
		SolutionGuid = {1D0D2111-8385-4712-A3F7-50DF6180FB23}
	EndGlobalSection
EndGlobal
